
Microsoft Visual Studio Solution File, Format Version 12.00
# Visual Studio 15
VisualStudioVersion = 15.0.28307.421
MinimumVisualStudioVersion = 10.0.40219.1
Project("{9A19103F-16F7-4668-BE54-9A1E7A4F7556}") = "TeamXSecurityAuthServer", "TeamXSecurityAuthServer\TeamXSecurityAuthServer.csproj", "{BDC47092-1A19-4933-AED3-6BF4B337F831}"
EndProject
Project("{9A19103F-16F7-4668-BE54-9A1E7A4F7556}") = "TeamXSecuirtyClient", "TeamXSecuirtyClient\TeamXSecuirtyClient.csproj", "{596305FD-E606-4C89-8722-183D7A172773}"
EndProject
Project("{FAE04EC0-301F-11D3-BF4B-00C04F79EFBC}") = "TeamXSecurityAPI", "TeamXSecurityAPI\TeamXSecurityAPI.csproj", "{9B21D978-66D5-41C8-B88D-C6AE8D2C111B}"
EndProject
Global
	GlobalSection(SolutionConfigurationPlatforms) = preSolution
		Debug|Any CPU = Debug|Any CPU
		Release|Any CPU = Release|Any CPU
	EndGlobalSection
	GlobalSection(ProjectConfigurationPlatforms) = postSolution
		{BDC47092-1A19-4933-AED3-6BF4B337F831}.Debug|Any CPU.ActiveCfg = Debug|Any CPU
		{BDC47092-1A19-4933-AED3-6BF4B337F831}.Debug|Any CPU.Build.0 = Debug|Any CPU
		{BDC47092-1A19-4933-AED3-6BF4B337F831}.Release|Any CPU.ActiveCfg = Release|Any CPU
		{BDC47092-1A19-4933-AED3-6BF4B337F831}.Release|Any CPU.Build.0 = Release|Any CPU
		{596305FD-E606-4C89-8722-183D7A172773}.Debug|Any CPU.ActiveCfg = Debug|Any CPU
		{596305FD-E606-4C89-8722-183D7A172773}.Debug|Any CPU.Build.0 = Debug|Any CPU
		{596305FD-E606-4C89-8722-183D7A172773}.Release|Any CPU.ActiveCfg = Release|Any CPU
		{596305FD-E606-4C89-8722-183D7A172773}.Release|Any CPU.Build.0 = Release|Any CPU
		{9B21D978-66D5-41C8-B88D-C6AE8D2C111B}.Debug|Any CPU.ActiveCfg = Debug|Any CPU
		{9B21D978-66D5-41C8-B88D-C6AE8D2C111B}.Debug|Any CPU.Build.0 = Debug|Any CPU
		{9B21D978-66D5-41C8-B88D-C6AE8D2C111B}.Release|Any CPU.ActiveCfg = Release|Any CPU
		{9B21D978-66D5-41C8-B88D-C6AE8D2C111B}.Release|Any CPU.Build.0 = Release|Any CPU
	EndGlobalSection
	GlobalSection(SolutionProperties) = preSolution
		HideSolutionNode = FALSE
	EndGlobalSection
	GlobalSection(ExtensibilityGlobals) = postSolution
		SolutionGuid = {AEE37287-3ECE-4A2F-B70A-71B3DE2164BA}
	EndGlobalSection
EndGlobal
